// !$*UTF8*$!
{
	archiveVersion = 1;
	classes = {
	};
	objectVersion = 46;
	objects = {

/* Begin PBXBuildFile section */
		F20B38AA1D93DC360029A409 /* main.m in Sources */ = {isa = PBXBuildFile; fileRef = F20B38A91D93DC360029A409 /* main.m */; };
		F20B38AD1D93DC360029A409 /* AppDelegate.m in Sources */ = {isa = PBXBuildFile; fileRef = F20B38AC1D93DC360029A409 /* AppDelegate.m */; };
		F20B38B01D93DC360029A409 /* ViewController.m in Sources */ = {isa = PBXBuildFile; fileRef = F20B38AF1D93DC360029A409 /* ViewController.m */; };
		F20B38B31D93DC360029A409 /* Main.storyboard in Resources */ = {isa = PBXBuildFile; fileRef = F20B38B11D93DC360029A409 /* Main.storyboard */; };
		F20B38B51D93DC360029A409 /* Assets.xcassets in Resources */ = {isa = PBXBuildFile; fileRef = F20B38B41D93DC360029A409 /* Assets.xcassets */; };
		F20B38B81D93DC360029A409 /* LaunchScreen.storyboard in Resources */ = {isa = PBXBuildFile; fileRef = F20B38B61D93DC360029A409 /* LaunchScreen.storyboard */; };
/* End PBXBuildFile section */

/* Begin PBXFileReference section */
		F20B38A51D93DC360029A409 /* SallTicketsDemo.app */ = {isa = PBXFileReference; explicitFileType = wrapper.application; includeInIndex = 0; path = SallTicketsDemo.app; sourceTree = BUILT_PRODUCTS_DIR; };
		F20B38A91D93DC360029A409 /* main.m */ = {isa = PBXFileReference; lastKnownFileType = sourcecode.c.objc; path = main.m; sourceTree = "<group>"; };
		F20B38AB1D93DC360029A409 /* AppDelegate.h */ = {isa = PBXFileReference; lastKnownFileType = sourcecode.c.h; path = AppDelegate.h; sourceTree = "<group>"; };
		F20B38AC1D93DC360029A409 /* AppDelegate.m */ = {isa = PBXFileReference; lastKnownFileType = sourcecode.c.objc; path = AppDelegate.m; sourceTree = "<group>"; };
		F20B38AE1D93DC360029A409 /* ViewController.h */ = {isa = PBXFileReference; lastKnownFileType = sourcecode.c.h; path = ViewController.h; sourceTree = "<group>"; };
		F20B38AF1D93DC360029A409 /* ViewController.m */ = {isa = PBXFileReference; lastKnownFileType = sourcecode.c.objc; path = ViewController.m; sourceTree = "<group>"; };
		F20B38B21D93DC360029A409 /* Base */ = {isa = PBXFileReference; lastKnownFileType = file.storyboard; name = Base; path = Base.lproj/Main.storyboard; sourceTree = "<group>"; };
		F20B38B41D93DC360029A409 /* Assets.xcassets */ = {isa = PBXFileReference; lastKnownFileType = folder.assetcatalog; path = Assets.xcassets; sourceTree = "<group>"; };
		F20B38B71D93DC360029A409 /* Base */ = {isa = PBXFileReference; lastKnownFileType = file.storyboard; name = Base; path = Base.lproj/LaunchScreen.storyboard; sourceTree = "<group>"; };
		F20B38B91D93DC360029A409 /* Info.plist */ = {isa = PBXFileReference; lastKnownFileType = text.plist.xml; path = Info.plist; sourceTree = "<group>"; };
/* End PBXFileReference section */

/* Begin PBXFrameworksBuildPhase section */
		F20B38A21D93DC360029A409 /* Frameworks */ = {
			isa = PBXFrameworksBuildPhase;
			buildActionMask = 2147483647;
			files = (
			);
			runOnlyForDeploymentPostprocessing = 0;
		};
/* End PBXFrameworksBuildPhase section */

/* Begin PBXGroup section */
		F20B389C1D93DC360029A409 = {
			isa = PBXGroup;
			children = (
				F20B38A71D93DC360029A409 /* SallTicketsDemo */,
				F20B38A61D93DC360029A409 /* Products */,
			);
			sourceTree = "<group>";
		};
		F20B38A61D93DC360029A409 /* Products */ = {
			isa = PBXGroup;
			children = (
				F20B38A51D93DC360029A409 /* SallTicketsDemo.app */,
			);
			name = Products;
			sourceTree = "<group>";
		};
		F20B38A71D93DC360029A409 /* SallTicketsDemo */ = {
			isa = PBXGroup;
			children = (
				F20B38AB1D93DC360029A409 /* AppDelegate.h */,
				F20B38AC1D93DC360029A409 /* AppDelegate.m */,
				F20B38AE1D93DC360029A409 /* ViewController.h */,
				F20B38AF1D93DC360029A409 /* ViewController.m */,
				F20B38B11D93DC360029A409 /* Main.storyboard */,
				F20B38B41D93DC360029A409 /* Assets.xcassets */,
				F20B38B61D93DC360029A409 /* LaunchScreen.storyboard */,
				F20B38B91D93DC360029A409 /* Info.plist */,
				F20B38A81D93DC360029A409 /* Supporting Files */,
			);
			path = SallTicketsDemo;
			sourceTree = "<group>";
		};
		F20B38A81D93DC360029A409 /* Supporting Files */ = {
			isa = PBXGroup;
			children = (
				F20B38A91D93DC360029A409 /* main.m */,
			);
			name = "Supporting Files";
			sourceTree = "<group>";
		};
/* End PBXGroup section */

/* Begin PBXNativeTarget section */
		F20B38A41D93DC360029A409 /* SallTicketsDemo */ = {
			isa = PBXNativeTarget;
			buildConfigurationList = F20B38BC1D93DC360029A409 /* Build configuration list for PBXNativeTarget "SallTicketsDemo" */;
			buildPhases = (
				F20B38A11D93DC360029A409 /* Sources */,
				F20B38A21D93DC360029A409 /* Frameworks */,
				F20B38A31D93DC360029A409 /* Resources */,
			);
			buildRules = (
			);
			dependencies = (
			);
			name = SallTicketsDemo;
			productName = SallTicketsDemo;
			productReference = F20B38A51D93DC360029A409 /* SallTicketsDemo.app */;
			productType = "com.apple.product-type.application";
		};
/* End PBXNativeTarget section */

/* Begin PBXProject section */
		F20B389D1D93DC360029A409 /* Project object */ = {
			isa = PBXProject;
			attributes = {
				LastUpgradeCheck = 0800;
				ORGANIZATIONNAME = lhl;
				TargetAttributes = {
					F20B38A41D93DC360029A409 = {
						CreatedOnToolsVersion = 8.0;
						DevelopmentTeam = UTT4HQ4F3H;
						ProvisioningStyle = Automatic;
					};
				};
			};
			buildConfigurationList = F20B38A01D93DC360029A409 /* Build configuration list for PBXProject "SallTicketsDemo" */;
			compatibilityVersion = "Xcode 3.2";
			developmentRegion = English;
			hasScannedForEncodings = 0;
			knownRegions = (
				en,
				Base,
			);
			mainGroup = F20B389C1D93DC360029A409;
			productRefGroup = F20B38A61D93DC360029A409 /* Products */;
			projectDirPath = "";
			projectRoot = "";
			targets = (
				F20B38A41D93DC360029A409 /* SallTicketsDemo */,
			);
		};
/* End PBXProject section */

/* Begin PBXResourcesBuildPhase section */
		F20B38A31D93DC360029A409 /* Resources */ = {
			isa = PBXResourcesBuildPhase;
			buildActionMask = 2147483647;
			files = (
				F20B38B81D93DC360029A409 /* LaunchScreen.storyboard in Resources */,
				F20B38B51D93DC360029A409 /* Assets.xcassets in Resources */,
				F20B38B31D93DC360029A409 /* Main.storyboard in Resources */,
			);
			runOnlyForDeploymentPostprocessing = 0;
		};
/* End PBXResourcesBuildPhase section */

/* Begin PBXSourcesBuildPhase section */
		F20B38A11D93DC360029A409 /* Sources */ = {
			isa = PBXSourcesBuildPhase;
			buildActionMask = 2147483647;
			files = (
				F20B38B01D93DC360029A409 /* ViewController.m in Sources */,
				F20B38AD1D93DC360029A409 /* AppDelegate.m in Sources */,
				F20B38AA1D93DC360029A409 /* main.m in Sources */,
			);
			runOnlyForDeploymentPostprocessing = 0;
		};
/* End PBXSourcesBuildPhase section */

/* Begin PBXVariantGroup section */
		F20B38B11D93DC360029A409 /* Main.storyboard */ = {
			isa = PBXVariantGroup;
			children = (
				F20B38B21D93DC360029A409 /* Base */,
			);
			name = Main.storyboard;
			sourceTree = "<group>";
		};
		F20B38B61D93DC360029A409 /* LaunchScreen.storyboard */ = {
			isa = PBXVariantGroup;
			children = (
				F20B38B71D93DC360029A409 /* Base */,
			);
			name = LaunchScreen.storyboard;
			sourceTree = "<group>";
		};
/* End PBXVariantGroup section */

/* Begin XCBuildConfiguration section */
		F20B38BA1D93DC360029A409 /* Debug */ = {
			isa = XCBuildConfiguration;
			buildSettings = {
				ALWAYS_SEARCH_USER_PATHS = NO;
				CLANG_ANALYZER_NONNULL = YES;
				CLANG_CXX_LANGUAGE_STANDARD = "gnu++0x";
				CLANG_CXX_LIBRARY = "libc++";
				CLANG_ENABLE_MODULES = YES;
				CLANG_ENABLE_OBJC_ARC = YES;
				CLANG_WARN_BOOL_CONVERSION = YES;
				CLANG_WARN_CONSTANT_CONVERSION = YES;
				CLANG_WARN_DIRECT_OBJC_ISA_USAGE = YES_ERROR;
				CLANG_WARN_DOCUMENTATION_COMMENTS = YES;
				CLANG_WARN_EMPTY_BODY = YES;
				CLANG_WARN_ENUM_CONVERSION = YES;
				CLANG_WARN_INFINITE_RECURSION = YES;
				CLANG_WARN_INT_CONVERSION = YES;
				CLANG_WARN_OBJC_ROOT_CLASS = YES_ERROR;
				CLANG_WARN_SUSPICIOUS_MOVES = YES;
				CLANG_WARN_UNREACHABLE_CODE = YES;
				CLANG_WARN__DUPLICATE_METHOD_MATCH = YES;
				"CODE_SIGN_IDENTITY[sdk=iphoneos*]" = "iPhone Developer";
				COPY_PHASE_STRIP = NO;
				DEBUG_INFORMATION_FORMAT = dwarf;
				ENABLE_STRICT_OBJC_MSGSEND = YES;
				ENABLE_TESTABILITY = YES;
				GCC_C_LANGUAGE_STANDARD = gnu99;
				GCC_DYNAMIC_NO_PIC = NO;
				GCC_NO_COMMON_BLOCKS = YES;
				GCC_OPTIMIZATION_LEVEL = 0;
				GCC_PREPROCESSOR_DEFINITIONS = (
					"DEBUG=1",
					"$(inherited)",
				);
				GCC_WARN_64_TO_32_BIT_CONVERSION = YES;
				GCC_WARN_ABOUT_RETURN_TYPE = YES_ERROR;
				GCC_WARN_UNDECLARED_SELECTOR = YES;
				GCC_WARN_UNINITIALIZED_AUTOS = YES_AGGRESSIVE;
				GCC_WARN_UNUSED_FUNCTION = YES;
				GCC_WARN_UNUSED_VARIABLE = YES;
				IPHONEOS_DEPLOYMENT_TARGET = 10.0;
				MTL_ENABLE_DEBUG_INFO = YES;
				ONLY_ACTIVE_ARCH = YES;
				SDKROOT = iphoneos;
				TARGETED_DEVICE_FAMILY = "1,2";
			};
			name = Debug;
		};
		F20B38BB1D93DC360029A409 /* Release */ = {
			isa = XCBuildConfiguration;
			buildSettings = {
				ALWAYS_SEARCH_USER_PATHS = NO;
				CLANG_ANALYZER_NONNULL = YES;
				CLANG_CXX_LANGUAGE_STANDARD = "gnu++0x";
				CLANG_CXX_LIBRARY = "libc++";
				CLANG_ENABLE_MODULES = YES;
				CLANG_ENABLE_OBJC_ARC = YES;
				CLANG_WARN_BOOL_CONVERSION = YES;
				CLANG_WARN_CONSTANT_CONVERSION = YES;
				CLANG_WARN_DIRECT_OBJC_ISA_USAGE = YES_ERROR;
				CLANG_WARN_DOCUMENTATION_COMMENTS = YES;
				CLANG_WARN_EMPTY_BODY = YES;
				CLANG_WARN_ENUM_CONVERSION = YES;
				CLANG_WARN_INFINITE_RECURSION = YES;
				CLANG_WARN_INT_CONVERSION = YES;
				CLANG_WARN_OBJC_ROOT_CLASS = YES_ERROR;
				CLANG_WARN_SUSPICIOUS_MOVES = YES;
				CLANG_WARN_UNREACHABLE_CODE = YES;
				CLANG_WARN__DUPLICATE_METHOD_MATCH = YES;
				"CODE_SIGN_IDENTITY[sdk=iphoneos*]" = "iPhone Developer";
				COPY_PHASE_STRIP = NO;
				DEBUG_INFORMATION_FORMAT = "dwarf-with-dsym";
				ENABLE_NS_ASSERTIONS = NO;
				ENABLE_STRICT_OBJC_MSGSEND = YES;
				GCC_C_LANGUAGE_STANDARD = gnu99;
				GCC_NO_COMMON_BLOCKS = YES;
				GCC_WARN_64_TO_32_BIT_CONVERSION = YES;
				GCC_WARN_ABOUT_RETURN_TYPE = YES_ERROR;
				GCC_WARN_UNDECLARED_SELECTOR = YES;
				GCC_WARN_UNINITIALIZED_AUTOS = YES_AGGRESSIVE;
				GCC_WARN_UNUSED_FUNCTION = YES;
				GCC_WARN_UNUSED_VARIABLE = YES;
				IPHONEOS_DEPLOYMENT_TARGET = 10.0;
				MTL_ENABLE_DEBUG_INFO = NO;
				SDKROOT = iphoneos;
				TARGETED_DEVICE_FAMILY = "1,2";
				VALIDATE_PRODUCT = YES;
			};
			name = Release;
		};
		F20B38BD1D93DC360029A409 /* Debug */ = {
			isa = XCBuildConfiguration;
			buildSettings = {
				ASSETCATALOG_COMPILER_APPICON_NAME = AppIcon;
				DEVELOPMENT_TEAM = UTT4HQ4F3H;
				INFOPLIST_FILE = SallTicketsDemo/Info.plist;
				LD_RUNPATH_SEARCH_PATHS = "$(inherited) @executable_path/Frameworks";
				PRODUCT_BUNDLE_IDENTIFIER = com.lhl.SallTicketsDemo;
				PRODUCT_NAME = "$(TARGET_NAME)";
			};
			name = Debug;
		};
		F20B38BE1D93DC360029A409 /* Release */ = {
			isa = XCBuildConfiguration;
			buildSettings = {
				ASSETCATALOG_COMPILER_APPICON_NAME = AppIcon;
				DEVELOPMENT_TEAM = UTT4HQ4F3H;
				INFOPLIST_FILE = SallTicketsDemo/Info.plist;
				LD_RUNPATH_SEARCH_PATHS = "$(inherited) @executable_path/Frameworks";
				PRODUCT_BUNDLE_IDENTIFIER = com.lhl.SallTicketsDemo;
				PRODUCT_NAME = "$(TARGET_NAME)";
			};
			name = Release;
		};
/* End XCBuildConfiguration section */

/* Begin XCConfigurationList section */
		F20B38A01D93DC360029A409 /* Build configuration list for PBXProject "SallTicketsDemo" */ = {
			isa = XCConfigurationList;
			buildConfigurations = (
				F20B38BA1D93DC360029A409 /* Debug */,
				F20B38BB1D93DC360029A409 /* Release */,
			);
			defaultConfigurationIsVisible = 0;
			defaultConfigurationName = Release;
		};
		F20B38BC1D93DC360029A409 /* Build configuration list for PBXNativeTarget "SallTicketsDemo" */ = {
			isa = XCConfigurationList;
			buildConfigurations = (
				F20B38BD1D93DC360029A409 /* Debug */,
				F20B38BE1D93DC360029A409 /* Release */,
			);
			defaultConfigurationIsVisible = 0;
		};
/* End XCConfigurationList section */
	};
	rootObject = F20B389D1D93DC360029A409 /* Project object */;
}
